
Microsoft Visual Studio Solution File, Format Version 12.00
# Visual Studio Version 17
VisualStudioVersion = 17.0.31903.59
MinimumVisualStudioVersion = 10.0.40219.1
Project("{2150E333-8FDC-42A3-9474-1A3956D46DE8}") = "src", "src", "{827E0CD3-B72D-47B6-A68D-7590B98EB39B}"
EndProject
Project("{FAE04EC0-301F-11D3-BF4B-00C04F79EFBC}") = "META7.Operator.Contracts", "src\META7.Operator.Contracts\META7.Operator.Contracts.csproj", "{C8A5EDB6-D65D-401E-8C82-9DFFF6FE113E}"
EndProject
Project("{FAE04EC0-301F-11D3-BF4B-00C04F79EFBC}") = "META7.Operator.Api", "src\META7.Operator.Api\META7.Operator.Api.csproj", "{CE4B5E3D-9144-46F3-B281-97233E018802}"
EndProject
Project("{2150E333-8FDC-42A3-9474-1A3956D46DE8}") = "tests", "tests", "{0AB3BF05-4346-4AA6-1389-037BE0695223}"
EndProject
Project("{FAE04EC0-301F-11D3-BF4B-00C04F79EFBC}") = "META7.Operator.Api.Tests", "tests\META7.Operator.Api.Tests\META7.Operator.Api.Tests.csproj", "{C1FFB2E3-61CF-4FA1-AB27-C985E34BFDB9}"
EndProject
Global
	GlobalSection(SolutionConfigurationPlatforms) = preSolution
		Debug|Any CPU = Debug|Any CPU
		Debug|x64 = Debug|x64
		Debug|x86 = Debug|x86
		Release|Any CPU = Release|Any CPU
		Release|x64 = Release|x64
		Release|x86 = Release|x86
	EndGlobalSection
	GlobalSection(ProjectConfigurationPlatforms) = postSolution
		{C8A5EDB6-D65D-401E-8C82-9DFFF6FE113E}.Debug|Any CPU.ActiveCfg = Debug|Any CPU
		{C8A5EDB6-D65D-401E-8C82-9DFFF6FE113E}.Debug|Any CPU.Build.0 = Debug|Any CPU
		{C8A5EDB6-D65D-401E-8C82-9DFFF6FE113E}.Debug|x64.ActiveCfg = Debug|Any CPU
		{C8A5EDB6-D65D-401E-8C82-9DFFF6FE113E}.Debug|x64.Build.0 = Debug|Any CPU
		{C8A5EDB6-D65D-401E-8C82-9DFFF6FE113E}.Debug|x86.ActiveCfg = Debug|Any CPU
		{C8A5EDB6-D65D-401E-8C82-9DFFF6FE113E}.Debug|x86.Build.0 = Debug|Any CPU
		{C8A5EDB6-D65D-401E-8C82-9DFFF6FE113E}.Release|Any CPU.ActiveCfg = Release|Any CPU
		{C8A5EDB6-D65D-401E-8C82-9DFFF6FE113E}.Release|Any CPU.Build.0 = Release|Any CPU
		{C8A5EDB6-D65D-401E-8C82-9DFFF6FE113E}.Release|x64.ActiveCfg = Release|Any CPU
		{C8A5EDB6-D65D-401E-8C82-9DFFF6FE113E}.Release|x64.Build.0 = Release|Any CPU
		{C8A5EDB6-D65D-401E-8C82-9DFFF6FE113E}.Release|x86.ActiveCfg = Release|Any CPU
		{C8A5EDB6-D65D-401E-8C82-9DFFF6FE113E}.Release|x86.Build.0 = Release|Any CPU
		{CE4B5E3D-9144-46F3-B281-97233E018802}.Debug|Any CPU.ActiveCfg = Debug|Any CPU
		{CE4B5E3D-9144-46F3-B281-97233E018802}.Debug|Any CPU.Build.0 = Debug|Any CPU
		{CE4B5E3D-9144-46F3-B281-97233E018802}.Debug|x64.ActiveCfg = Debug|Any CPU
		{CE4B5E3D-9144-46F3-B281-97233E018802}.Debug|x64.Build.0 = Debug|Any CPU
		{CE4B5E3D-9144-46F3-B281-97233E018802}.Debug|x86.ActiveCfg = Debug|Any CPU
		{CE4B5E3D-9144-46F3-B281-97233E018802}.Debug|x86.Build.0 = Debug|Any CPU
		{CE4B5E3D-9144-46F3-B281-97233E018802}.Release|Any CPU.ActiveCfg = Release|Any CPU
		{CE4B5E3D-9144-46F3-B281-97233E018802}.Release|Any CPU.Build.0 = Release|Any CPU
		{CE4B5E3D-9144-46F3-B281-97233E018802}.Release|x64.ActiveCfg = Release|Any CPU
		{CE4B5E3D-9144-46F3-B281-97233E018802}.Release|x64.Build.0 = Release|Any CPU
		{CE4B5E3D-9144-46F3-B281-97233E018802}.Release|x86.ActiveCfg = Release|Any CPU
		{CE4B5E3D-9144-46F3-B281-97233E018802}.Release|x86.Build.0 = Release|Any CPU
		{C1FFB2E3-61CF-4FA1-AB27-C985E34BFDB9}.Debug|Any CPU.ActiveCfg = Debug|Any CPU
		{C1FFB2E3-61CF-4FA1-AB27-C985E34BFDB9}.Debug|Any CPU.Build.0 = Debug|Any CPU
		{C1FFB2E3-61CF-4FA1-AB27-C985E34BFDB9}.Debug|x64.ActiveCfg = Debug|Any CPU
		{C1FFB2E3-61CF-4FA1-AB27-C985E34BFDB9}.Debug|x64.Build.0 = Debug|Any CPU
		{C1FFB2E3-61CF-4FA1-AB27-C985E34BFDB9}.Debug|x86.ActiveCfg = Debug|Any CPU
		{C1FFB2E3-61CF-4FA1-AB27-C985E34BFDB9}.Debug|x86.Build.0 = Debug|Any CPU
		{C1FFB2E3-61CF-4FA1-AB27-C985E34BFDB9}.Release|Any CPU.ActiveCfg = Release|Any CPU
		{C1FFB2E3-61CF-4FA1-AB27-C985E34BFDB9}.Release|Any CPU.Build.0 = Release|Any CPU
		{C1FFB2E3-61CF-4FA1-AB27-C985E34BFDB9}.Release|x64.ActiveCfg = Release|Any CPU
		{C1FFB2E3-61CF-4FA1-AB27-C985E34BFDB9}.Release|x64.Build.0 = Release|Any CPU
		{C1FFB2E3-61CF-4FA1-AB27-C985E34BFDB9}.Release|x86.ActiveCfg = Release|Any CPU
		{C1FFB2E3-61CF-4FA1-AB27-C985E34BFDB9}.Release|x86.Build.0 = Release|Any CPU
	EndGlobalSection
	GlobalSection(SolutionProperties) = preSolution
		HideSolutionNode = FALSE
	EndGlobalSection
	GlobalSection(NestedProjects) = preSolution
		{C8A5EDB6-D65D-401E-8C82-9DFFF6FE113E} = {827E0CD3-B72D-47B6-A68D-7590B98EB39B}
		{CE4B5E3D-9144-46F3-B281-97233E018802} = {827E0CD3-B72D-47B6-A68D-7590B98EB39B}
		{C1FFB2E3-61CF-4FA1-AB27-C985E34BFDB9} = {0AB3BF05-4346-4AA6-1389-037BE0695223}
	EndGlobalSection
EndGlobal
